
Microsoft Visual Studio Solution File, Format Version 12.00
# Visual Studio Version 17
VisualStudioVersion = 17.4.33205.214
MinimumVisualStudioVersion = 10.0.40219.1
Project("{FAE04EC0-301F-11D3-BF4B-00C04F79EFBC}") = "VehicleAPi", "VehicleAPi\VehicleAPi.csproj", "{2EEDEEF2-9CA5-4BA3-A812-761214E2321F}"
EndProject
Project("{FAE04EC0-301F-11D3-BF4B-00C04F79EFBC}") = "CustomerAPi", "CustomerAPi\CustomerAPi.csproj", "{93B695DF-AEEA-4466-A3D6-E208710C4441}"
EndProject
Project("{FAE04EC0-301F-11D3-BF4B-00C04F79EFBC}") = "ReservationAPi", "ReservationAPi\ReservationAPi.csproj", "{688CCC63-775F-45FE-9D12-69C9209CCC04}"
EndProject
Global
	GlobalSection(SolutionConfigurationPlatforms) = preSolution
		Debug|Any CPU = Debug|Any CPU
		Release|Any CPU = Release|Any CPU
	EndGlobalSection
	GlobalSection(ProjectConfigurationPlatforms) = postSolution
		{2EEDEEF2-9CA5-4BA3-A812-761214E2321F}.Debug|Any CPU.ActiveCfg = Debug|Any CPU
		{2EEDEEF2-9CA5-4BA3-A812-761214E2321F}.Debug|Any CPU.Build.0 = Debug|Any CPU
		{2EEDEEF2-9CA5-4BA3-A812-761214E2321F}.Release|Any CPU.ActiveCfg = Release|Any CPU
		{2EEDEEF2-9CA5-4BA3-A812-761214E2321F}.Release|Any CPU.Build.0 = Release|Any CPU
		{93B695DF-AEEA-4466-A3D6-E208710C4441}.Debug|Any CPU.ActiveCfg = Debug|Any CPU
		{93B695DF-AEEA-4466-A3D6-E208710C4441}.Debug|Any CPU.Build.0 = Debug|Any CPU
		{93B695DF-AEEA-4466-A3D6-E208710C4441}.Release|Any CPU.ActiveCfg = Release|Any CPU
		{93B695DF-AEEA-4466-A3D6-E208710C4441}.Release|Any CPU.Build.0 = Release|Any CPU
		{688CCC63-775F-45FE-9D12-69C9209CCC04}.Debug|Any CPU.ActiveCfg = Debug|Any CPU
		{688CCC63-775F-45FE-9D12-69C9209CCC04}.Debug|Any CPU.Build.0 = Debug|Any CPU
		{688CCC63-775F-45FE-9D12-69C9209CCC04}.Release|Any CPU.ActiveCfg = Release|Any CPU
		{688CCC63-775F-45FE-9D12-69C9209CCC04}.Release|Any CPU.Build.0 = Release|Any CPU
	EndGlobalSection
	GlobalSection(SolutionProperties) = preSolution
		HideSolutionNode = FALSE
	EndGlobalSection
	GlobalSection(ExtensibilityGlobals) = postSolution
		SolutionGuid = {FB836DF0-4FD4-4F21-9DDF-668886FE5993}
	EndGlobalSection
EndGlobal
